{
    "_meta": {
        "hash": {
            "sha256": "7f9b0b7d9674dcd8ea629b2666e2712febc60107cece04aa22fe2ca7b96e2911"
        },
        "pipfile-spec": 6,
        "requires": {
            "python_version": "3.12"
        },
        "sources": [
            {
                "name": "pypi",
                "url": "https://pypi.org/simple",
                "verify_ssl": true
            }
        ]
    },
    "default": {
        "asgiref": {
            "hashes": [
                "sha256:3e1e3ecc849832fe52ccf2cb6686b7a55f82bb1d6aee72a58826471390335e47",
                "sha256:c343bd80a0bec947a9860adb4c432ffa7db769836c64238fc34bdc3fec84d590"
            ],
            "markers": "python_version >= '3.8'",
            "version": "==3.8.1"
        },
        "django": {
            "hashes": [
                "sha256:021ffb7fdab3d2d388bc8c7c2434eb9c1f6f4d09e6119010bbb1694dda286bc2",
                "sha256:71603f27dac22a6533fb38d83072eea9ddb4017fead6f67f2562a40402d61c3f"
            ],
            "index": "pypi",
            "markers": "python_version >= '3.10'",
            "version": "==5.1.1"
        },
        "django-cors-headers": {
            "hashes": [
                "sha256:5c6e3b7fe870876a1efdfeb4f433782c3524078fa0dc9e0195f6706ce7a242f6",
                "sha256:92cf4633e22af67a230a1456cb1b7a02bb213d6536d2dcb2a4a24092ea9cebc2"
            ],
            "index": "pypi",
            "markers": "python_version >= '3.8'",
            "version": "==4.4.0"
        },
        "django-neomodel": {
            "hashes": [
                "sha256:0a1aab1bcf9f8882af6bae785e7cb8296db14e956de547857a9cbf3347230646",
                "sha256:8b4fb95924df227b323937ea7991337f7385739df5e0fbda820e0da0f4fa119a"
            ],
            "index": "pypi",
            "markers": "python_version >= '3.8'",
            "version": "==0.2.0"
        },
        "djangorestframework": {
            "hashes": [
                "sha256:2b8871b062ba1aefc2de01f773875441a961fefbf79f5eed1e32b2f096944b20",
                "sha256:36fe88cd2d6c6bec23dca9804bab2ba5517a8bb9d8f47ebc68981b56840107ad"
            ],
            "index": "pypi",
            "markers": "python_version >= '3.8'",
            "version": "==3.15.2"
        },
        "gunicorn": {
            "hashes": [
                "sha256:ec400d38950de4dfd418cff8328b2c8faed0edb0d517d3394e457c317908ca4d",
                "sha256:f014447a0101dc57e294f6c18ca6b40227a4c90e9bdb586042628030cba004ec"
            ],
            "index": "pypi",
            "markers": "python_version >= '3.7'",
            "version": "==23.0.0"
        },
        "neo4j": {
            "hashes": [
                "sha256:23704f604214174f3b7d15a38653a1462809986019dfdaf773ff7ca4e1b9e2de"
            ],
            "markers": "python_version >= '3.7'",
            "version": "==5.19.0"
        },
        "neomodel": {
            "hashes": [
                "sha256:ae1ffc9ac2a50a966a17504e90e9371ae2abc5d21faf07680a07e5657b5c34ab",
                "sha256:f8e24fbce5d1ccd1966b3bed65ac469243e9b4f14b7e6f11e80d2c9fce450d95"
            ],
            "index": "pypi",
            "markers": "python_version >= '3.7'",
            "version": "==5.3.3"
        },
        "packaging": {
            "hashes": [
                "sha256:026ed72c8ed3fcce5bf8950572258698927fd1dbda10a5e981cdf0ac37f4f002",
                "sha256:5b8f2217dbdbd2f7f384c41c628544e6d52f2d0f53c6d0c3ea61aa5d1d7ff124"
            ],
            "markers": "python_version >= '3.8'",
            "version": "==24.1"
        },
        "python-dotenv": {
            "hashes": [
                "sha256:e324ee90a023d808f1959c46bcbc04446a10ced277783dc6ee09987c37ec10ca",
                "sha256:f7b63ef50f1b690dddf550d03497b66d609393b40b564ed0d674909a68ebf16a"
            ],
            "index": "pypi",
            "markers": "python_version >= '3.8'",
            "version": "==1.0.1"
        },
        "pytz": {
            "hashes": [
                "sha256:2aa355083c50a0f93fa581709deac0c9ad65cca8a9e9beac660adcbd493c798a",
                "sha256:31c7c1817eb7fae7ca4b8c7ee50c72f93aa2dd863de768e1ef4245d426aa0725"
            ],
            "version": "==2024.2"
        },
        "sqlparse": {
            "hashes": [
                "sha256:773dcbf9a5ab44a090f3441e2180efe2560220203dc2f8c0b0fa141e18b505e4",
                "sha256:bb6b4df465655ef332548e24f08e205afc81b9ab86cb1c45657a7ff173a3a00e"
            ],
            "markers": "python_version >= '3.8'",
            "version": "==0.5.1"
        }
    },
    "develop": {}
}
